// !$*UTF8*$!
{
	archiveVersion = 1;
	classes = {
	};
	objectVersion = 50;
	objects = {

/* Begin PBXBuildFile section */
		AA054D9520DB3E4600A536B2 /* AppDelegate.swift in Sources */ = {isa = PBXBuildFile; fileRef = AA054D9420DB3E4600A536B2 /* AppDelegate.swift */; };
		AA054D9720DB3E4600A536B2 /* ViewController.swift in Sources */ = {isa = PBXBuildFile; fileRef = AA054D9620DB3E4600A536B2 /* ViewController.swift */; };
		AA054D9A20DB3E4600A536B2 /* Main.storyboard in Resources */ = {isa = PBXBuildFile; fileRef = AA054D9820DB3E4600A536B2 /* Main.storyboard */; };
		AA054D9C20DB3E4700A536B2 /* Assets.xcassets in Resources */ = {isa = PBXBuildFile; fileRef = AA054D9B20DB3E4700A536B2 /* Assets.xcassets */; };
		AA054D9F20DB3E4700A536B2 /* LaunchScreen.storyboard in Resources */ = {isa = PBXBuildFile; fileRef = AA054D9D20DB3E4700A536B2 /* LaunchScreen.storyboard */; };
		AA054DAA20DB3E4700A536B2 /* sampleTests.swift in Sources */ = {isa = PBXBuildFile; fileRef = AA054DA920DB3E4700A536B2 /* sampleTests.swift */; };
		AA054DB520DB3E4700A536B2 /* sampleUITests.swift in Sources */ = {isa = PBXBuildFile; fileRef = AA054DB420DB3E4700A536B2 /* sampleUITests.swift */; };
/* End PBXBuildFile section */

/* Begin PBXContainerItemProxy section */
		AA054DA620DB3E4700A536B2 /* PBXContainerItemProxy */ = {
			isa = PBXContainerItemProxy;
			containerPortal = AA054D8920DB3E4500A536B2 /* Project object */;
			proxyType = 1;
			remoteGlobalIDString = AA054D9020DB3E4600A536B2;
			remoteInfo = sample;
		};
		AA054DB120DB3E4700A536B2 /* PBXContainerItemProxy */ = {
			isa = PBXContainerItemProxy;
			containerPortal = AA054D8920DB3E4500A536B2 /* Project object */;
			proxyType = 1;
			remoteGlobalIDString = AA054D9020DB3E4600A536B2;
			remoteInfo = sample;
		};
/* End PBXContainerItemProxy section */

/* Begin PBXFileReference section */
		AA054D9120DB3E4600A536B2 /* sample.app */ = {isa = PBXFileReference; explicitFileType = wrapper.application; includeInIndex = 0; path = sample.app; sourceTree = BUILT_PRODUCTS_DIR; };
		AA054D9420DB3E4600A536B2 /* AppDelegate.swift */ = {isa = PBXFileReference; lastKnownFileType = sourcecode.swift; path = AppDelegate.swift; sourceTree = "<group>"; };
		AA054D9620DB3E4600A536B2 /* ViewController.swift */ = {isa = PBXFileReference; lastKnownFileType = sourcecode.swift; path = ViewController.swift; sourceTree = "<group>"; };
		AA054D9920DB3E4600A536B2 /* Base */ = {isa = PBXFileReference; lastKnownFileType = file.storyboard; name = Base; path = Base.lproj/Main.storyboard; sourceTree = "<group>"; };
		AA054D9B20DB3E4700A536B2 /* Assets.xcassets */ = {isa = PBXFileReference; lastKnownFileType = folder.assetcatalog; path = Assets.xcassets; sourceTree = "<group>"; };
		AA054D9E20DB3E4700A536B2 /* Base */ = {isa = PBXFileReference; lastKnownFileType = file.storyboard; name = Base; path = Base.lproj/LaunchScreen.storyboard; sourceTree = "<group>"; };
		AA054DA020DB3E4700A536B2 /* Info.plist */ = {isa = PBXFileReference; lastKnownFileType = text.plist.xml; path = Info.plist; sourceTree = "<group>"; };
		AA054DA520DB3E4700A536B2 /* sampleTests.xctest */ = {isa = PBXFileReference; explicitFileType = wrapper.cfbundle; includeInIndex = 0; path = sampleTests.xctest; sourceTree = BUILT_PRODUCTS_DIR; };
		AA054DA920DB3E4700A536B2 /* sampleTests.swift */ = {isa = PBXFileReference; lastKnownFileType = sourcecode.swift; path = sampleTests.swift; sourceTree = "<group>"; };
		AA054DAB20DB3E4700A536B2 /* Info.plist */ = {isa = PBXFileReference; lastKnownFileType = text.plist.xml; path = Info.plist; sourceTree = "<group>"; };
		AA054DB020DB3E4700A536B2 /* sampleUITests.xctest */ = {isa = PBXFileReference; explicitFileType = wrapper.cfbundle; includeInIndex = 0; path = sampleUITests.xctest; sourceTree = BUILT_PRODUCTS_DIR; };
		AA054DB420DB3E4700A536B2 /* sampleUITests.swift */ = {isa = PBXFileReference; lastKnownFileType = sourcecode.swift; path = sampleUITests.swift; sourceTree = "<group>"; };
		AA054DB620DB3E4700A536B2 /* Info.plist */ = {isa = PBXFileReference; lastKnownFileType = text.plist.xml; path = Info.plist; sourceTree = "<group>"; };
/* End PBXFileReference section */

/* Begin PBXFrameworksBuildPhase section */
		AA054D8E20DB3E4600A536B2 /* Frameworks */ = {
			isa = PBXFrameworksBuildPhase;
			buildActionMask = 2147483647;
			files = (
			);
			runOnlyForDeploymentPostprocessing = 0;
		};
		AA054DA220DB3E4700A536B2 /* Frameworks */ = {
			isa = PBXFrameworksBuildPhase;
			buildActionMask = 2147483647;
			files = (
			);
			runOnlyForDeploymentPostprocessing = 0;
		};
		AA054DAD20DB3E4700A536B2 /* Frameworks */ = {
			isa = PBXFrameworksBuildPhase;
			buildActionMask = 2147483647;
			files = (
			);
			runOnlyForDeploymentPostprocessing = 0;
		};
/* End PBXFrameworksBuildPhase section */

/* Begin PBXGroup section */
		AA054D8820DB3E4500A536B2 = {
			isa = PBXGroup;
			children = (
				AA054D9320DB3E4600A536B2 /* sample */,
				AA054DA820DB3E4700A536B2 /* sampleTests */,
				AA054DB320DB3E4700A536B2 /* sampleUITests */,
				AA054D9220DB3E4600A536B2 /* Products */,
			);
			sourceTree = "<group>";
		};
		AA054D9220DB3E4600A536B2 /* Products */ = {
			isa = PBXGroup;
			children = (
				AA054D9120DB3E4600A536B2 /* sample.app */,
				AA054DA520DB3E4700A536B2 /* sampleTests.xctest */,
				AA054DB020DB3E4700A536B2 /* sampleUITests.xctest */,
			);
			name = Products;
			sourceTree = "<group>";
		};
		AA054D9320DB3E4600A536B2 /* sample */ = {
			isa = PBXGroup;
			children = (
				AA054D9420DB3E4600A536B2 /* AppDelegate.swift */,
				AA054D9620DB3E4600A536B2 /* ViewController.swift */,
				AA054D9820DB3E4600A536B2 /* Main.storyboard */,
				AA054D9B20DB3E4700A536B2 /* Assets.xcassets */,
				AA054D9D20DB3E4700A536B2 /* LaunchScreen.storyboard */,
				AA054DA020DB3E4700A536B2 /* Info.plist */,
			);
			path = sample;
			sourceTree = "<group>";
		};
		AA054DA820DB3E4700A536B2 /* sampleTests */ = {
			isa = PBXGroup;
			children = (
				AA054DA920DB3E4700A536B2 /* sampleTests.swift */,
				AA054DAB20DB3E4700A536B2 /* Info.plist */,
			);
			path = sampleTests;
			sourceTree = "<group>";
		};
		AA054DB320DB3E4700A536B2 /* sampleUITests */ = {
			isa = PBXGroup;
			children = (
				AA054DB420DB3E4700A536B2 /* sampleUITests.swift */,
				AA054DB620DB3E4700A536B2 /* Info.plist */,
			);
			path = sampleUITests;
			sourceTree = "<group>";
		};
/* End PBXGroup section */

/* Begin PBXNativeTarget section */
		AA054D9020DB3E4600A536B2 /* sample */ = {
			isa = PBXNativeTarget;
			buildConfigurationList = AA054DB920DB3E4700A536B2 /* Build configuration list for PBXNativeTarget "sample" */;
			buildPhases = (
				AA054D8D20DB3E4600A536B2 /* Sources */,
				AA054D8E20DB3E4600A536B2 /* Frameworks */,
				AA054D8F20DB3E4600A536B2 /* Resources */,
			);
			buildRules = (
			);
			dependencies = (
			);
			name = sample;
			productName = sample;
			productReference = AA054D9120DB3E4600A536B2 /* sample.app */;
			productType = "com.apple.product-type.application";
		};
		AA054DA420DB3E4700A536B2 /* sampleTests */ = {
			isa = PBXNativeTarget;
			buildConfigurationList = AA054DBC20DB3E4700A536B2 /* Build configuration list for PBXNativeTarget "sampleTests" */;
			buildPhases = (
				AA054DA120DB3E4700A536B2 /* Sources */,
				AA054DA220DB3E4700A536B2 /* Frameworks */,
				AA054DA320DB3E4700A536B2 /* Resources */,
			);
			buildRules = (
			);
			dependencies = (
				AA054DA720DB3E4700A536B2 /* PBXTargetDependency */,
			);
			name = sampleTests;
			productName = sampleTests;
			productReference = AA054DA520DB3E4700A536B2 /* sampleTests.xctest */;
			productType = "com.apple.product-type.bundle.unit-test";
		};
		AA054DAF20DB3E4700A536B2 /* sampleUITests */ = {
			isa = PBXNativeTarget;
			buildConfigurationList = AA054DBF20DB3E4700A536B2 /* Build configuration list for PBXNativeTarget "sampleUITests" */;
			buildPhases = (
				AA054DAC20DB3E4700A536B2 /* Sources */,
				AA054DAD20DB3E4700A536B2 /* Frameworks */,
				AA054DAE20DB3E4700A536B2 /* Resources */,
			);
			buildRules = (
			);
			dependencies = (
				AA054DB220DB3E4700A536B2 /* PBXTargetDependency */,
			);
			name = sampleUITests;
			productName = sampleUITests;
			productReference = AA054DB020DB3E4700A536B2 /* sampleUITests.xctest */;
			productType = "com.apple.product-type.bundle.ui-testing";
		};
/* End PBXNativeTarget section */

/* Begin PBXProject section */
		AA054D8920DB3E4500A536B2 /* Project object */ = {
			isa = PBXProject;
			attributes = {
				LastSwiftUpdateCheck = 0940;
				LastUpgradeCheck = 0940;
				ORGANIZATIONNAME = "Ben Lin";
				TargetAttributes = {
					AA054D9020DB3E4600A536B2 = {
						CreatedOnToolsVersion = 9.4;
					};
					AA054DA420DB3E4700A536B2 = {
						CreatedOnToolsVersion = 9.4;
						TestTargetID = AA054D9020DB3E4600A536B2;
					};
					AA054DAF20DB3E4700A536B2 = {
						CreatedOnToolsVersion = 9.4;
						TestTargetID = AA054D9020DB3E4600A536B2;
					};
				};
			};
			buildConfigurationList = AA054D8C20DB3E4500A536B2 /* Build configuration list for PBXProject "sample" */;
			compatibilityVersion = "Xcode 9.3";
			developmentRegion = en;
			hasScannedForEncodings = 0;
			knownRegions = (
				en,
				Base,
			);
			mainGroup = AA054D8820DB3E4500A536B2;
			productRefGroup = AA054D9220DB3E4600A536B2 /* Products */;
			projectDirPath = "";
			projectRoot = "";
			targets = (
				AA054D9020DB3E4600A536B2 /* sample */,
				AA054DA420DB3E4700A536B2 /* sampleTests */,
				AA054DAF20DB3E4700A536B2 /* sampleUITests */,
			);
		};
/* End PBXProject section */

/* Begin PBXResourcesBuildPhase section */
		AA054D8F20DB3E4600A536B2 /* Resources */ = {
			isa = PBXResourcesBuildPhase;
			buildActionMask = 2147483647;
			files = (
				AA054D9F20DB3E4700A536B2 /* LaunchScreen.storyboard in Resources */,
				AA054D9C20DB3E4700A536B2 /* Assets.xcassets in Resources */,
				AA054D9A20DB3E4600A536B2 /* Main.storyboard in Resources */,
			);
			runOnlyForDeploymentPostprocessing = 0;
		};
		AA054DA320DB3E4700A536B2 /* Resources */ = {
			isa = PBXResourcesBuildPhase;
			buildActionMask = 2147483647;
			files = (
			);
			runOnlyForDeploymentPostprocessing = 0;
		};
		AA054DAE20DB3E4700A536B2 /* Resources */ = {
			isa = PBXResourcesBuildPhase;
			buildActionMask = 2147483647;
			files = (
			);
			runOnlyForDeploymentPostprocessing = 0;
		};
/* End PBXResourcesBuildPhase section */

/* Begin PBXSourcesBuildPhase section */
		AA054D8D20DB3E4600A536B2 /* Sources */ = {
			isa = PBXSourcesBuildPhase;
			buildActionMask = 2147483647;
			files = (
				AA054D9720DB3E4600A536B2 /* ViewController.swift in Sources */,
				AA054D9520DB3E4600A536B2 /* AppDelegate.swift in Sources */,
			);
			runOnlyForDeploymentPostprocessing = 0;
		};
		AA054DA120DB3E4700A536B2 /* Sources */ = {
			isa = PBXSourcesBuildPhase;
			buildActionMask = 2147483647;
			files = (
				AA054DAA20DB3E4700A536B2 /* sampleTests.swift in Sources */,
			);
			runOnlyForDeploymentPostprocessing = 0;
		};
		AA054DAC20DB3E4700A536B2 /* Sources */ = {
			isa = PBXSourcesBuildPhase;
			buildActionMask = 2147483647;
			files = (
				AA054DB520DB3E4700A536B2 /* sampleUITests.swift in Sources */,
			);
			runOnlyForDeploymentPostprocessing = 0;
		};
/* End PBXSourcesBuildPhase section */

/* Begin PBXTargetDependency section */
		AA054DA720DB3E4700A536B2 /* PBXTargetDependency */ = {
			isa = PBXTargetDependency;
			target = AA054D9020DB3E4600A536B2 /* sample */;
			targetProxy = AA054DA620DB3E4700A536B2 /* PBXContainerItemProxy */;
		};
		AA054DB220DB3E4700A536B2 /* PBXTargetDependency */ = {
			isa = PBXTargetDependency;
			target = AA054D9020DB3E4600A536B2 /* sample */;
			targetProxy = AA054DB120DB3E4700A536B2 /* PBXContainerItemProxy */;
		};
/* End PBXTargetDependency section */

/* Begin PBXVariantGroup section */
		AA054D9820DB3E4600A536B2 /* Main.storyboard */ = {
			isa = PBXVariantGroup;
			children = (
				AA054D9920DB3E4600A536B2 /* Base */,
			);
			name = Main.storyboard;
			sourceTree = "<group>";
		};
		AA054D9D20DB3E4700A536B2 /* LaunchScreen.storyboard */ = {
			isa = PBXVariantGroup;
			children = (
				AA054D9E20DB3E4700A536B2 /* Base */,
			);
			name = LaunchScreen.storyboard;
			sourceTree = "<group>";
		};
/* End PBXVariantGroup section */

/* Begin XCBuildConfiguration section */
		AA054DB720DB3E4700A536B2 /* Debug */ = {
			isa = XCBuildConfiguration;
			buildSettings = {
				ALWAYS_SEARCH_USER_PATHS = NO;
				CLANG_ANALYZER_NONNULL = YES;
				CLANG_ANALYZER_NUMBER_OBJECT_CONVERSION = YES_AGGRESSIVE;
				CLANG_CXX_LANGUAGE_STANDARD = "gnu++14";
				CLANG_CXX_LIBRARY = "libc++";
				CLANG_ENABLE_MODULES = YES;
				CLANG_ENABLE_OBJC_ARC = YES;
				CLANG_ENABLE_OBJC_WEAK = YES;
				CLANG_WARN_BLOCK_CAPTURE_AUTORELEASING = YES;
				CLANG_WARN_BOOL_CONVERSION = YES;
				CLANG_WARN_COMMA = YES;
				CLANG_WARN_CONSTANT_CONVERSION = YES;
				CLANG_WARN_DEPRECATED_OBJC_IMPLEMENTATIONS = YES;
				CLANG_WARN_DIRECT_OBJC_ISA_USAGE = YES_ERROR;
				CLANG_WARN_DOCUMENTATION_COMMENTS = YES;
				CLANG_WARN_EMPTY_BODY = YES;
				CLANG_WARN_ENUM_CONVERSION = YES;
				CLANG_WARN_INFINITE_RECURSION = YES;
				CLANG_WARN_INT_CONVERSION = YES;
				CLANG_WARN_NON_LITERAL_NULL_CONVERSION = YES;
				CLANG_WARN_OBJC_IMPLICIT_RETAIN_SELF = YES;
				CLANG_WARN_OBJC_LITERAL_CONVERSION = YES;
				CLANG_WARN_OBJC_ROOT_CLASS = YES_ERROR;
				CLANG_WARN_RANGE_LOOP_ANALYSIS = YES;
				CLANG_WARN_STRICT_PROTOTYPES = YES;
				CLANG_WARN_SUSPICIOUS_MOVE = YES;
				CLANG_WARN_UNGUARDED_AVAILABILITY = YES_AGGRESSIVE;
				CLANG_WARN_UNREACHABLE_CODE = YES;
				CLANG_WARN__DUPLICATE_METHOD_MATCH = YES;
				CODE_SIGN_IDENTITY = "iPhone Developer";
				COPY_PHASE_STRIP = NO;
				DEBUG_INFORMATION_FORMAT = dwarf;
				ENABLE_STRICT_OBJC_MSGSEND = YES;
				ENABLE_TESTABILITY = YES;
				GCC_C_LANGUAGE_STANDARD = gnu11;
				GCC_DYNAMIC_NO_PIC = NO;
				GCC_NO_COMMON_BLOCKS = YES;
				GCC_OPTIMIZATION_LEVEL = 0;
				GCC_PREPROCESSOR_DEFINITIONS = (
					"DEBUG=1",
					"$(inherited)",
				);
				GCC_WARN_64_TO_32_BIT_CONVERSION = YES;
				GCC_WARN_ABOUT_RETURN_TYPE = YES_ERROR;
				GCC_WARN_UNDECLARED_SELECTOR = YES;
				GCC_WARN_UNINITIALIZED_AUTOS = YES_AGGRESSIVE;
				GCC_WARN_UNUSED_FUNCTION = YES;
				GCC_WARN_UNUSED_VARIABLE = YES;
				IPHONEOS_DEPLOYMENT_TARGET = 11.4;
				MTL_ENABLE_DEBUG_INFO = YES;
				ONLY_ACTIVE_ARCH = YES;
				SDKROOT = iphoneos;
				SWIFT_ACTIVE_COMPILATION_CONDITIONS = DEBUG;
				SWIFT_OPTIMIZATION_LEVEL = "-Onone";
			};
			name = Debug;
		};
		AA054DB820DB3E4700A536B2 /* Release */ = {
			isa = XCBuildConfiguration;
			buildSettings = {
				ALWAYS_SEARCH_USER_PATHS = NO;
				CLANG_ANALYZER_NONNULL = YES;
				CLANG_ANALYZER_NUMBER_OBJECT_CONVERSION = YES_AGGRESSIVE;
				CLANG_CXX_LANGUAGE_STANDARD = "gnu++14";
				CLANG_CXX_LIBRARY = "libc++";
				CLANG_ENABLE_MODULES = YES;
				CLANG_ENABLE_OBJC_ARC = YES;
				CLANG_ENABLE_OBJC_WEAK = YES;
				CLANG_WARN_BLOCK_CAPTURE_AUTORELEASING = YES;
				CLANG_WARN_BOOL_CONVERSION = YES;
				CLANG_WARN_COMMA = YES;
				CLANG_WARN_CONSTANT_CONVERSION = YES;
				CLANG_WARN_DEPRECATED_OBJC_IMPLEMENTATIONS = YES;
				CLANG_WARN_DIRECT_OBJC_ISA_USAGE = YES_ERROR;
				CLANG_WARN_DOCUMENTATION_COMMENTS = YES;
				CLANG_WARN_EMPTY_BODY = YES;
				CLANG_WARN_ENUM_CONVERSION = YES;
				CLANG_WARN_INFINITE_RECURSION = YES;
				CLANG_WARN_INT_CONVERSION = YES;
				CLANG_WARN_NON_LITERAL_NULL_CONVERSION = YES;
				CLANG_WARN_OBJC_IMPLICIT_RETAIN_SELF = YES;
				CLANG_WARN_OBJC_LITERAL_CONVERSION = YES;
				CLANG_WARN_OBJC_ROOT_CLASS = YES_ERROR;
				CLANG_WARN_RANGE_LOOP_ANALYSIS = YES;
				CLANG_WARN_STRICT_PROTOTYPES = YES;
				CLANG_WARN_SUSPICIOUS_MOVE = YES;
				CLANG_WARN_UNGUARDED_AVAILABILITY = YES_AGGRESSIVE;
				CLANG_WARN_UNREACHABLE_CODE = YES;
				CLANG_WARN__DUPLICATE_METHOD_MATCH = YES;
				CODE_SIGN_IDENTITY = "iPhone Developer";
				COPY_PHASE_STRIP = NO;
				DEBUG_INFORMATION_FORMAT = "dwarf-with-dsym";
				ENABLE_NS_ASSERTIONS = NO;
				ENABLE_STRICT_OBJC_MSGSEND = YES;
				GCC_C_LANGUAGE_STANDARD = gnu11;
				GCC_NO_COMMON_BLOCKS = YES;
				GCC_WARN_64_TO_32_BIT_CONVERSION = YES;
				GCC_WARN_ABOUT_RETURN_TYPE = YES_ERROR;
				GCC_WARN_UNDECLARED_SELECTOR = YES;
				GCC_WARN_UNINITIALIZED_AUTOS = YES_AGGRESSIVE;
				GCC_WARN_UNUSED_FUNCTION = YES;
				GCC_WARN_UNUSED_VARIABLE = YES;
				IPHONEOS_DEPLOYMENT_TARGET = 11.4;
				MTL_ENABLE_DEBUG_INFO = NO;
				SDKROOT = iphoneos;
				SWIFT_COMPILATION_MODE = wholemodule;
				SWIFT_OPTIMIZATION_LEVEL = "-O";
				VALIDATE_PRODUCT = YES;
			};
			name = Release;
		};
		AA054DBA20DB3E4700A536B2 /* Debug */ = {
			isa = XCBuildConfiguration;
			buildSettings = {
				ASSETCATALOG_COMPILER_APPICON_NAME = AppIcon;
				CODE_SIGN_STYLE = Automatic;
				INFOPLIST_FILE = sample/Info.plist;
				LD_RUNPATH_SEARCH_PATHS = (
					"$(inherited)",
					"@executable_path/Frameworks",
				);
				PRODUCT_BUNDLE_IDENTIFIER = benllin.sample;
				PRODUCT_NAME = "$(TARGET_NAME)";
				SWIFT_VERSION = 4.0;
				TARGETED_DEVICE_FAMILY = "1,2";
			};
			name = Debug;
		};
		AA054DBB20DB3E4700A536B2 /* Release */ = {
			isa = XCBuildConfiguration;
			buildSettings = {
				ASSETCATALOG_COMPILER_APPICON_NAME = AppIcon;
				CODE_SIGN_STYLE = Automatic;
				INFOPLIST_FILE = sample/Info.plist;
				LD_RUNPATH_SEARCH_PATHS = (
					"$(inherited)",
					"@executable_path/Frameworks",
				);
				PRODUCT_BUNDLE_IDENTIFIER = benllin.sample;
				PRODUCT_NAME = "$(TARGET_NAME)";
				SWIFT_VERSION = 4.0;
				TARGETED_DEVICE_FAMILY = "1,2";
			};
			name = Release;
		};
		AA054DBD20DB3E4700A536B2 /* Debug */ = {
			isa = XCBuildConfiguration;
			buildSettings = {
				ALWAYS_EMBED_SWIFT_STANDARD_LIBRARIES = YES;
				BUNDLE_LOADER = "$(TEST_HOST)";
				CODE_SIGN_STYLE = Automatic;
				INFOPLIST_FILE = sampleTests/Info.plist;
				LD_RUNPATH_SEARCH_PATHS = (
					"$(inherited)",
					"@executable_path/Frameworks",
					"@loader_path/Frameworks",
				);
				PRODUCT_BUNDLE_IDENTIFIER = benllin.sampleTests;
				PRODUCT_NAME = "$(TARGET_NAME)";
				SWIFT_VERSION = 4.0;
				TARGETED_DEVICE_FAMILY = "1,2";
				TEST_HOST = "$(BUILT_PRODUCTS_DIR)/sample.app/sample";
			};
			name = Debug;
		};
		AA054DBE20DB3E4700A536B2 /* Release */ = {
			isa = XCBuildConfiguration;
			buildSettings = {
				ALWAYS_EMBED_SWIFT_STANDARD_LIBRARIES = YES;
				BUNDLE_LOADER = "$(TEST_HOST)";
				CODE_SIGN_STYLE = Automatic;
				INFOPLIST_FILE = sampleTests/Info.plist;
				LD_RUNPATH_SEARCH_PATHS = (
					"$(inherited)",
					"@executable_path/Frameworks",
					"@loader_path/Frameworks",
				);
				PRODUCT_BUNDLE_IDENTIFIER = benllin.sampleTests;
				PRODUCT_NAME = "$(TARGET_NAME)";
				SWIFT_VERSION = 4.0;
				TARGETED_DEVICE_FAMILY = "1,2";
				TEST_HOST = "$(BUILT_PRODUCTS_DIR)/sample.app/sample";
			};
			name = Release;
		};
		AA054DC020DB3E4700A536B2 /* Debug */ = {
			isa = XCBuildConfiguration;
			buildSettings = {
				ALWAYS_EMBED_SWIFT_STANDARD_LIBRARIES = YES;
				CODE_SIGN_STYLE = Automatic;
				INFOPLIST_FILE = sampleUITests/Info.plist;
				LD_RUNPATH_SEARCH_PATHS = (
					"$(inherited)",
					"@executable_path/Frameworks",
					"@loader_path/Frameworks",
				);
				PRODUCT_BUNDLE_IDENTIFIER = benllin.sampleUITests;
				PRODUCT_NAME = "$(TARGET_NAME)";
				SWIFT_VERSION = 4.0;
				TARGETED_DEVICE_FAMILY = "1,2";
				TEST_TARGET_NAME = sample;
			};
			name = Debug;
		};
		AA054DC120DB3E4700A536B2 /* Release */ = {
			isa = XCBuildConfiguration;
			buildSettings = {
				ALWAYS_EMBED_SWIFT_STANDARD_LIBRARIES = YES;
				CODE_SIGN_STYLE = Automatic;
				INFOPLIST_FILE = sampleUITests/Info.plist;
				LD_RUNPATH_SEARCH_PATHS = (
					"$(inherited)",
					"@executable_path/Frameworks",
					"@loader_path/Frameworks",
				);
				PRODUCT_BUNDLE_IDENTIFIER = benllin.sampleUITests;
				PRODUCT_NAME = "$(TARGET_NAME)";
				SWIFT_VERSION = 4.0;
				TARGETED_DEVICE_FAMILY = "1,2";
				TEST_TARGET_NAME = sample;
			};
			name = Release;
		};
/* End XCBuildConfiguration section */

/* Begin XCConfigurationList section */
		AA054D8C20DB3E4500A536B2 /* Build configuration list for PBXProject "sample" */ = {
			isa = XCConfigurationList;
			buildConfigurations = (
				AA054DB720DB3E4700A536B2 /* Debug */,
				AA054DB820DB3E4700A536B2 /* Release */,
			);
			defaultConfigurationIsVisible = 0;
			defaultConfigurationName = Release;
		};
		AA054DB920DB3E4700A536B2 /* Build configuration list for PBXNativeTarget "sample" */ = {
			isa = XCConfigurationList;
			buildConfigurations = (
				AA054DBA20DB3E4700A536B2 /* Debug */,
				AA054DBB20DB3E4700A536B2 /* Release */,
			);
			defaultConfigurationIsVisible = 0;
			defaultConfigurationName = Release;
		};
		AA054DBC20DB3E4700A536B2 /* Build configuration list for PBXNativeTarget "sampleTests" */ = {
			isa = XCConfigurationList;
			buildConfigurations = (
				AA054DBD20DB3E4700A536B2 /* Debug */,
				AA054DBE20DB3E4700A536B2 /* Release */,
			);
			defaultConfigurationIsVisible = 0;
			defaultConfigurationName = Release;
		};
		AA054DBF20DB3E4700A536B2 /* Build configuration list for PBXNativeTarget "sampleUITests" */ = {
			isa = XCConfigurationList;
			buildConfigurations = (
				AA054DC020DB3E4700A536B2 /* Debug */,
				AA054DC120DB3E4700A536B2 /* Release */,
			);
			defaultConfigurationIsVisible = 0;
			defaultConfigurationName = Release;
		};
/* End XCConfigurationList section */
	};
	rootObject = AA054D8920DB3E4500A536B2 /* Project object */;
}
